
Microsoft Visual Studio Solution File, Format Version 12.00
# Visual Studio Version 17
VisualStudioVersion = 17.12.35707.178 d17.12
MinimumVisualStudioVersion = 10.0.40219.1
Project("{F184B08F-C81C-45F6-A57F-5ABD9991F28F}") = "proyecto1jlv", "proyecto1jlv\proyecto1jlv.vbproj", "{90872998-101B-4D34-98D9-956F578EEE0B}"
EndProject
Global
	GlobalSection(SolutionConfigurationPlatforms) = preSolution
		Debug|Any CPU = Debug|Any CPU
		Release|Any CPU = Release|Any CPU
	EndGlobalSection
	GlobalSection(ProjectConfigurationPlatforms) = postSolution
		{90872998-101B-4D34-98D9-956F578EEE0B}.Debug|Any CPU.ActiveCfg = Debug|Any CPU
		{90872998-101B-4D34-98D9-956F578EEE0B}.Debug|Any CPU.Build.0 = Debug|Any CPU
		{90872998-101B-4D34-98D9-956F578EEE0B}.Release|Any CPU.ActiveCfg = Release|Any CPU
		{90872998-101B-4D34-98D9-956F578EEE0B}.Release|Any CPU.Build.0 = Release|Any CPU
	EndGlobalSection
	GlobalSection(SolutionProperties) = preSolution
		HideSolutionNode = FALSE
	EndGlobalSection
EndGlobal
