
Microsoft Visual Studio Solution File, Format Version 12.00
# Visual Studio Version 17
VisualStudioVersion = 17.12.35707.178 d17.12
MinimumVisualStudioVersion = 10.0.40219.1
Project("{F184B08F-C81C-45F6-A57F-5ABD9991F28F}") = "Parcial1_Joshua_Landa", "Parcial1_Joshua_Landa\Parcial1_Joshua_Landa.vbproj", "{08D14D7E-CAE8-4E67-BB33-BF746A24D132}"
EndProject
Global
	GlobalSection(SolutionConfigurationPlatforms) = preSolution
		Debug|Any CPU = Debug|Any CPU
		Release|Any CPU = Release|Any CPU
	EndGlobalSection
	GlobalSection(ProjectConfigurationPlatforms) = postSolution
		{08D14D7E-CAE8-4E67-BB33-BF746A24D132}.Debug|Any CPU.ActiveCfg = Debug|Any CPU
		{08D14D7E-CAE8-4E67-BB33-BF746A24D132}.Debug|Any CPU.Build.0 = Debug|Any CPU
		{08D14D7E-CAE8-4E67-BB33-BF746A24D132}.Release|Any CPU.ActiveCfg = Release|Any CPU
		{08D14D7E-CAE8-4E67-BB33-BF746A24D132}.Release|Any CPU.Build.0 = Release|Any CPU
	EndGlobalSection
	GlobalSection(SolutionProperties) = preSolution
		HideSolutionNode = FALSE
	EndGlobalSection
EndGlobal
